{
  "name": "play-playwright",
  "version": "1.0.0",
  "lockfileVersion": 1,
  "requires": true,
  "dependencies": {
    "@playwright/test": {
      "version": "1.22.0-alpha-apr-23-2022",
      "resolved": "https://registry.npmjs.org/@playwright/test/-/test-1.22.0-alpha-apr-23-2022.tgz",
      "integrity": "sha512-nx9Cdpu5IDP8gSXDfY8DTSNsd+bknhOOf/bkqTl4kDejorj9ai8M2fMuS7lv2N7bjsPOHV0xF4CDmag8dUT8Sg==",
      "dev": true,
      "requires": {
        "playwright-core": "1.22.0-alpha-apr-23-2022"
      },
      "dependencies": {
        "playwright-core": {
          "version": "1.22.0-alpha-apr-23-2022",
          "resolved": "https://registry.npmjs.org/playwright-core/-/playwright-core-1.22.0-alpha-apr-23-2022.tgz",
          "integrity": "sha512-Pc3s7PXiIJfMuqv5ZlDew/JigjKopyqRlZtCa/O+Cg4FvqSA21Js0ToR4/Trqd+qy2gXKFeYeqXIVevYQ+tokQ==",
          "dev": true
        }
      }
    }
  }
}
